// !$*UTF8*$!
{
	archiveVersion = 1;
	classes = {
	};
	objectVersion = 48;
	objects = {

/* Begin PBXBuildFile section */
		9341AB9D206D99B000DE8485 /* constraintList.cpp in Sources */ = {isa = PBXBuildFile; fileRef = 9341AB9B206D99B000DE8485 /* constraintList.cpp */; };
		93CEBC7D2058AD26009E55CE /* calculatecutset.cpp in Sources */ = {isa = PBXBuildFile; fileRef = 93CEBC722058AD26009E55CE /* calculatecutset.cpp */; };
		93CEBC7E2058AD26009E55CE /* linkedList.cpp in Sources */ = {isa = PBXBuildFile; fileRef = 93CEBC742058AD26009E55CE /* linkedList.cpp */; };
		93CEBC7F2058AD26009E55CE /* pass.cpp in Sources */ = {isa = PBXBuildFile; fileRef = 93CEBC752058AD26009E55CE /* pass.cpp */; };
		93CEBC802058AD26009E55CE /* dvalues.cpp in Sources */ = {isa = PBXBuildFile; fileRef = 93CEBC762058AD26009E55CE /* dvalues.cpp */; };
		93CEBC812058AD26009E55CE /* gain.cpp in Sources */ = {isa = PBXBuildFile; fileRef = 93CEBC782058AD26009E55CE /* gain.cpp */; };
		93CEBC822058AD26009E55CE /* celllist.cpp in Sources */ = {isa = PBXBuildFile; fileRef = 93CEBC792058AD26009E55CE /* celllist.cpp */; };
		93CEBC832058AD26009E55CE /* main.cpp in Sources */ = {isa = PBXBuildFile; fileRef = 93CEBC7A2058AD26009E55CE /* main.cpp */; };
		93CEBC89205B7EF7009E55CE /* globalRouting.cpp in Sources */ = {isa = PBXBuildFile; fileRef = 93CEBC87205B7EF7009E55CE /* globalRouting.cpp */; };
		93CEBC8C205B8017009E55CE /* channelRouting.cpp in Sources */ = {isa = PBXBuildFile; fileRef = 93CEBC8A205B8017009E55CE /* channelRouting.cpp */; };
		93CEBC8F205B8DC3009E55CE /* layoutOperations.cpp in Sources */ = {isa = PBXBuildFile; fileRef = 93CEBC8D205B8DC3009E55CE /* layoutOperations.cpp */; };
		93CEBC93205CB176009E55CE /* classifyNets.cpp in Sources */ = {isa = PBXBuildFile; fileRef = 93CEBC91205CB176009E55CE /* classifyNets.cpp */; };
/* End PBXBuildFile section */

/* Begin PBXCopyFilesBuildPhase section */
		932932FA20589B6A00C10709 /* CopyFiles */ = {
			isa = PBXCopyFilesBuildPhase;
			buildActionMask = 2147483647;
			dstPath = /usr/share/man/man1/;
			dstSubfolderSpec = 0;
			files = (
			);
			runOnlyForDeploymentPostprocessing = 1;
		};
/* End PBXCopyFilesBuildPhase section */

/* Begin PBXFileReference section */
		932932FC20589B6A00C10709 /* Design-Automation-Place-Route */ = {isa = PBXFileReference; explicitFileType = "compiled.mach-o.executable"; includeInIndex = 0; path = "Design-Automation-Place-Route"; sourceTree = BUILT_PRODUCTS_DIR; };
		9341AB9B206D99B000DE8485 /* constraintList.cpp */ = {isa = PBXFileReference; lastKnownFileType = sourcecode.cpp.cpp; path = constraintList.cpp; sourceTree = "<group>"; };
		9341AB9C206D99B000DE8485 /* constraintList.hpp */ = {isa = PBXFileReference; lastKnownFileType = sourcecode.cpp.h; path = constraintList.hpp; sourceTree = "<group>"; };
		93CEBC702058AD26009E55CE /* calculatecutset.h */ = {isa = PBXFileReference; fileEncoding = 4; lastKnownFileType = sourcecode.c.h; path = calculatecutset.h; sourceTree = "<group>"; };
		93CEBC712058AD26009E55CE /* celllist.h */ = {isa = PBXFileReference; fileEncoding = 4; lastKnownFileType = sourcecode.c.h; path = celllist.h; sourceTree = "<group>"; };
		93CEBC722058AD26009E55CE /* calculatecutset.cpp */ = {isa = PBXFileReference; fileEncoding = 4; lastKnownFileType = sourcecode.cpp.cpp; path = calculatecutset.cpp; sourceTree = "<group>"; };
		93CEBC732058AD26009E55CE /* gain.h */ = {isa = PBXFileReference; fileEncoding = 4; lastKnownFileType = sourcecode.c.h; path = gain.h; sourceTree = "<group>"; };
		93CEBC742058AD26009E55CE /* linkedList.cpp */ = {isa = PBXFileReference; fileEncoding = 4; lastKnownFileType = sourcecode.cpp.cpp; path = linkedList.cpp; sourceTree = "<group>"; };
		93CEBC752058AD26009E55CE /* pass.cpp */ = {isa = PBXFileReference; fileEncoding = 4; lastKnownFileType = sourcecode.cpp.cpp; path = pass.cpp; sourceTree = "<group>"; };
		93CEBC762058AD26009E55CE /* dvalues.cpp */ = {isa = PBXFileReference; fileEncoding = 4; lastKnownFileType = sourcecode.cpp.cpp; path = dvalues.cpp; sourceTree = "<group>"; };
		93CEBC772058AD26009E55CE /* dvalues.h */ = {isa = PBXFileReference; fileEncoding = 4; lastKnownFileType = sourcecode.c.h; path = dvalues.h; sourceTree = "<group>"; };
		93CEBC782058AD26009E55CE /* gain.cpp */ = {isa = PBXFileReference; fileEncoding = 4; lastKnownFileType = sourcecode.cpp.cpp; path = gain.cpp; sourceTree = "<group>"; };
		93CEBC792058AD26009E55CE /* celllist.cpp */ = {isa = PBXFileReference; fileEncoding = 4; lastKnownFileType = sourcecode.cpp.cpp; path = celllist.cpp; sourceTree = "<group>"; };
		93CEBC7A2058AD26009E55CE /* main.cpp */ = {isa = PBXFileReference; fileEncoding = 4; lastKnownFileType = sourcecode.cpp.cpp; path = main.cpp; sourceTree = "<group>"; };
		93CEBC7B2058AD26009E55CE /* lin.h */ = {isa = PBXFileReference; fileEncoding = 4; lastKnownFileType = sourcecode.c.h; path = lin.h; sourceTree = "<group>"; };
		93CEBC7C2058AD26009E55CE /* pass.h */ = {isa = PBXFileReference; fileEncoding = 4; lastKnownFileType = sourcecode.c.h; path = pass.h; sourceTree = "<group>"; };
		93CEBC87205B7EF7009E55CE /* globalRouting.cpp */ = {isa = PBXFileReference; lastKnownFileType = sourcecode.cpp.cpp; path = globalRouting.cpp; sourceTree = "<group>"; };
		93CEBC88205B7EF7009E55CE /* globalRouting.hpp */ = {isa = PBXFileReference; lastKnownFileType = sourcecode.cpp.h; path = globalRouting.hpp; sourceTree = "<group>"; };
		93CEBC8A205B8017009E55CE /* channelRouting.cpp */ = {isa = PBXFileReference; lastKnownFileType = sourcecode.cpp.cpp; path = channelRouting.cpp; sourceTree = "<group>"; };
		93CEBC8B205B8017009E55CE /* channelRouting.hpp */ = {isa = PBXFileReference; lastKnownFileType = sourcecode.cpp.h; path = channelRouting.hpp; sourceTree = "<group>"; };
		93CEBC8D205B8DC3009E55CE /* layoutOperations.cpp */ = {isa = PBXFileReference; lastKnownFileType = sourcecode.cpp.cpp; path = layoutOperations.cpp; sourceTree = "<group>"; };
		93CEBC8E205B8DC3009E55CE /* layoutOperations.hpp */ = {isa = PBXFileReference; lastKnownFileType = sourcecode.cpp.h; path = layoutOperations.hpp; sourceTree = "<group>"; };
		93CEBC90205B910A009E55CE /* structures.h */ = {isa = PBXFileReference; lastKnownFileType = sourcecode.c.h; path = structures.h; sourceTree = "<group>"; };
		93CEBC91205CB176009E55CE /* classifyNets.cpp */ = {isa = PBXFileReference; lastKnownFileType = sourcecode.cpp.cpp; path = classifyNets.cpp; sourceTree = "<group>"; };
		93CEBC92205CB176009E55CE /* classifyNets.hpp */ = {isa = PBXFileReference; lastKnownFileType = sourcecode.cpp.h; path = classifyNets.hpp; sourceTree = "<group>"; };
/* End PBXFileReference section */

/* Begin PBXFrameworksBuildPhase section */
		932932F920589B6A00C10709 /* Frameworks */ = {
			isa = PBXFrameworksBuildPhase;
			buildActionMask = 2147483647;
			files = (
			);
			runOnlyForDeploymentPostprocessing = 0;
		};
/* End PBXFrameworksBuildPhase section */

/* Begin PBXGroup section */
		932932F320589B6A00C10709 = {
			isa = PBXGroup;
			children = (
				932932FE20589B6A00C10709 /* Design-Automation-Place-Route */,
				932932FD20589B6A00C10709 /* Products */,
			);
			sourceTree = "<group>";
		};
		932932FD20589B6A00C10709 /* Products */ = {
			isa = PBXGroup;
			children = (
				932932FC20589B6A00C10709 /* Design-Automation-Place-Route */,
			);
			name = Products;
			sourceTree = "<group>";
		};
		932932FE20589B6A00C10709 /* Design-Automation-Place-Route */ = {
			isa = PBXGroup;
			children = (
				93CEBC722058AD26009E55CE /* calculatecutset.cpp */,
				93CEBC702058AD26009E55CE /* calculatecutset.h */,
				93CEBC792058AD26009E55CE /* celllist.cpp */,
				93CEBC712058AD26009E55CE /* celllist.h */,
				93CEBC762058AD26009E55CE /* dvalues.cpp */,
				93CEBC772058AD26009E55CE /* dvalues.h */,
				93CEBC782058AD26009E55CE /* gain.cpp */,
				93CEBC732058AD26009E55CE /* gain.h */,
				93CEBC7B2058AD26009E55CE /* lin.h */,
				93CEBC742058AD26009E55CE /* linkedList.cpp */,
				93CEBC7A2058AD26009E55CE /* main.cpp */,
				93CEBC752058AD26009E55CE /* pass.cpp */,
				93CEBC7C2058AD26009E55CE /* pass.h */,
				93CEBC87205B7EF7009E55CE /* globalRouting.cpp */,
				93CEBC88205B7EF7009E55CE /* globalRouting.hpp */,
				93CEBC8A205B8017009E55CE /* channelRouting.cpp */,
				93CEBC8B205B8017009E55CE /* channelRouting.hpp */,
				93CEBC8D205B8DC3009E55CE /* layoutOperations.cpp */,
				93CEBC8E205B8DC3009E55CE /* layoutOperations.hpp */,
				93CEBC90205B910A009E55CE /* structures.h */,
				93CEBC91205CB176009E55CE /* classifyNets.cpp */,
				93CEBC92205CB176009E55CE /* classifyNets.hpp */,
				9341AB9B206D99B000DE8485 /* constraintList.cpp */,
				9341AB9C206D99B000DE8485 /* constraintList.hpp */,
			);
			path = "Design-Automation-Place-Route";
			sourceTree = "<group>";
		};
/* End PBXGroup section */

/* Begin PBXNativeTarget section */
		932932FB20589B6A00C10709 /* Design-Automation-Place-Route */ = {
			isa = PBXNativeTarget;
			buildConfigurationList = 9329330320589B6A00C10709 /* Build configuration list for PBXNativeTarget "Design-Automation-Place-Route" */;
			buildPhases = (
				932932F820589B6A00C10709 /* Sources */,
				932932F920589B6A00C10709 /* Frameworks */,
				932932FA20589B6A00C10709 /* CopyFiles */,
			);
			buildRules = (
			);
			dependencies = (
			);
			name = "Design-Automation-Place-Route";
			productName = "Design-Automation-Place-Route";
			productReference = 932932FC20589B6A00C10709 /* Design-Automation-Place-Route */;
			productType = "com.apple.product-type.tool";
		};
/* End PBXNativeTarget section */

/* Begin PBXProject section */
		932932F420589B6A00C10709 /* Project object */ = {
			isa = PBXProject;
			attributes = {
				LastUpgradeCheck = 0920;
				ORGANIZATIONNAME = "Aaron Cunningham";
				TargetAttributes = {
					932932FB20589B6A00C10709 = {
						CreatedOnToolsVersion = 9.2;
						ProvisioningStyle = Automatic;
					};
				};
			};
			buildConfigurationList = 932932F720589B6A00C10709 /* Build configuration list for PBXProject "Design-Automation-Place-Route" */;
			compatibilityVersion = "Xcode 8.0";
			developmentRegion = en;
			hasScannedForEncodings = 0;
			knownRegions = (
				en,
			);
			mainGroup = 932932F320589B6A00C10709;
			productRefGroup = 932932FD20589B6A00C10709 /* Products */;
			projectDirPath = "";
			projectRoot = "";
			targets = (
				932932FB20589B6A00C10709 /* Design-Automation-Place-Route */,
			);
		};
/* End PBXProject section */

/* Begin PBXSourcesBuildPhase section */
		932932F820589B6A00C10709 /* Sources */ = {
			isa = PBXSourcesBuildPhase;
			buildActionMask = 2147483647;
			files = (
				93CEBC802058AD26009E55CE /* dvalues.cpp in Sources */,
				93CEBC822058AD26009E55CE /* celllist.cpp in Sources */,
				93CEBC7F2058AD26009E55CE /* pass.cpp in Sources */,
				93CEBC89205B7EF7009E55CE /* globalRouting.cpp in Sources */,
				9341AB9D206D99B000DE8485 /* constraintList.cpp in Sources */,
				93CEBC812058AD26009E55CE /* gain.cpp in Sources */,
				93CEBC8C205B8017009E55CE /* channelRouting.cpp in Sources */,
				93CEBC93205CB176009E55CE /* classifyNets.cpp in Sources */,
				93CEBC7E2058AD26009E55CE /* linkedList.cpp in Sources */,
				93CEBC7D2058AD26009E55CE /* calculatecutset.cpp in Sources */,
				93CEBC832058AD26009E55CE /* main.cpp in Sources */,
				93CEBC8F205B8DC3009E55CE /* layoutOperations.cpp in Sources */,
			);
			runOnlyForDeploymentPostprocessing = 0;
		};
/* End PBXSourcesBuildPhase section */

/* Begin XCBuildConfiguration section */
		9329330120589B6A00C10709 /* Debug */ = {
			isa = XCBuildConfiguration;
			buildSettings = {
				ALWAYS_SEARCH_USER_PATHS = NO;
				CLANG_ANALYZER_NONNULL = YES;
				CLANG_ANALYZER_NUMBER_OBJECT_CONVERSION = YES_AGGRESSIVE;
				CLANG_CXX_LANGUAGE_STANDARD = "gnu++14";
				CLANG_CXX_LIBRARY = "libc++";
				CLANG_ENABLE_MODULES = YES;
				CLANG_ENABLE_OBJC_ARC = YES;
				CLANG_WARN_BLOCK_CAPTURE_AUTORELEASING = YES;
				CLANG_WARN_BOOL_CONVERSION = YES;
				CLANG_WARN_COMMA = YES;
				CLANG_WARN_CONSTANT_CONVERSION = YES;
				CLANG_WARN_DIRECT_OBJC_ISA_USAGE = YES_ERROR;
				CLANG_WARN_DOCUMENTATION_COMMENTS = YES;
				CLANG_WARN_EMPTY_BODY = YES;
				CLANG_WARN_ENUM_CONVERSION = YES;
				CLANG_WARN_INFINITE_RECURSION = YES;
				CLANG_WARN_INT_CONVERSION = YES;
				CLANG_WARN_NON_LITERAL_NULL_CONVERSION = YES;
				CLANG_WARN_OBJC_LITERAL_CONVERSION = YES;
				CLANG_WARN_OBJC_ROOT_CLASS = YES_ERROR;
				CLANG_WARN_RANGE_LOOP_ANALYSIS = YES;
				CLANG_WARN_STRICT_PROTOTYPES = YES;
				CLANG_WARN_SUSPICIOUS_MOVE = YES;
				CLANG_WARN_UNGUARDED_AVAILABILITY = YES_AGGRESSIVE;
				CLANG_WARN_UNREACHABLE_CODE = YES;
				CLANG_WARN__DUPLICATE_METHOD_MATCH = YES;
				CODE_SIGN_IDENTITY = "-";
				COPY_PHASE_STRIP = NO;
				DEBUG_INFORMATION_FORMAT = dwarf;
				ENABLE_STRICT_OBJC_MSGSEND = YES;
				ENABLE_TESTABILITY = YES;
				GCC_C_LANGUAGE_STANDARD = gnu11;
				GCC_DYNAMIC_NO_PIC = NO;
				GCC_NO_COMMON_BLOCKS = YES;
				GCC_OPTIMIZATION_LEVEL = 0;
				GCC_PREPROCESSOR_DEFINITIONS = (
					"DEBUG=1",
					"$(inherited)",
				);
				GCC_WARN_64_TO_32_BIT_CONVERSION = YES;
				GCC_WARN_ABOUT_RETURN_TYPE = YES_ERROR;
				GCC_WARN_UNDECLARED_SELECTOR = YES;
				GCC_WARN_UNINITIALIZED_AUTOS = YES_AGGRESSIVE;
				GCC_WARN_UNUSED_FUNCTION = YES;
				GCC_WARN_UNUSED_VARIABLE = YES;
				MACOSX_DEPLOYMENT_TARGET = 10.13;
				MTL_ENABLE_DEBUG_INFO = YES;
				ONLY_ACTIVE_ARCH = YES;
				SDKROOT = macosx;
			};
			name = Debug;
		};
		9329330220589B6A00C10709 /* Release */ = {
			isa = XCBuildConfiguration;
			buildSettings = {
				ALWAYS_SEARCH_USER_PATHS = NO;
				CLANG_ANALYZER_NONNULL = YES;
				CLANG_ANALYZER_NUMBER_OBJECT_CONVERSION = YES_AGGRESSIVE;
				CLANG_CXX_LANGUAGE_STANDARD = "gnu++14";
				CLANG_CXX_LIBRARY = "libc++";
				CLANG_ENABLE_MODULES = YES;
				CLANG_ENABLE_OBJC_ARC = YES;
				CLANG_WARN_BLOCK_CAPTURE_AUTORELEASING = YES;
				CLANG_WARN_BOOL_CONVERSION = YES;
				CLANG_WARN_COMMA = YES;
				CLANG_WARN_CONSTANT_CONVERSION = YES;
				CLANG_WARN_DIRECT_OBJC_ISA_USAGE = YES_ERROR;
				CLANG_WARN_DOCUMENTATION_COMMENTS = YES;
				CLANG_WARN_EMPTY_BODY = YES;
				CLANG_WARN_ENUM_CONVERSION = YES;
				CLANG_WARN_INFINITE_RECURSION = YES;
				CLANG_WARN_INT_CONVERSION = YES;
				CLANG_WARN_NON_LITERAL_NULL_CONVERSION = YES;
				CLANG_WARN_OBJC_LITERAL_CONVERSION = YES;
				CLANG_WARN_OBJC_ROOT_CLASS = YES_ERROR;
				CLANG_WARN_RANGE_LOOP_ANALYSIS = YES;
				CLANG_WARN_STRICT_PROTOTYPES = YES;
				CLANG_WARN_SUSPICIOUS_MOVE = YES;
				CLANG_WARN_UNGUARDED_AVAILABILITY = YES_AGGRESSIVE;
				CLANG_WARN_UNREACHABLE_CODE = YES;
				CLANG_WARN__DUPLICATE_METHOD_MATCH = YES;
				CODE_SIGN_IDENTITY = "-";
				COPY_PHASE_STRIP = NO;
				DEBUG_INFORMATION_FORMAT = "dwarf-with-dsym";
				ENABLE_NS_ASSERTIONS = NO;
				ENABLE_STRICT_OBJC_MSGSEND = YES;
				GCC_C_LANGUAGE_STANDARD = gnu11;
				GCC_NO_COMMON_BLOCKS = YES;
				GCC_WARN_64_TO_32_BIT_CONVERSION = YES;
				GCC_WARN_ABOUT_RETURN_TYPE = YES_ERROR;
				GCC_WARN_UNDECLARED_SELECTOR = YES;
				GCC_WARN_UNINITIALIZED_AUTOS = YES_AGGRESSIVE;
				GCC_WARN_UNUSED_FUNCTION = YES;
				GCC_WARN_UNUSED_VARIABLE = YES;
				MACOSX_DEPLOYMENT_TARGET = 10.13;
				MTL_ENABLE_DEBUG_INFO = NO;
				SDKROOT = macosx;
			};
			name = Release;
		};
		9329330420589B6A00C10709 /* Debug */ = {
			isa = XCBuildConfiguration;
			buildSettings = {
				CODE_SIGN_STYLE = Automatic;
				PRODUCT_NAME = "$(TARGET_NAME)";
			};
			name = Debug;
		};
		9329330520589B6A00C10709 /* Release */ = {
			isa = XCBuildConfiguration;
			buildSettings = {
				CODE_SIGN_STYLE = Automatic;
				PRODUCT_NAME = "$(TARGET_NAME)";
			};
			name = Release;
		};
/* End XCBuildConfiguration section */

/* Begin XCConfigurationList section */
		932932F720589B6A00C10709 /* Build configuration list for PBXProject "Design-Automation-Place-Route" */ = {
			isa = XCConfigurationList;
			buildConfigurations = (
				9329330120589B6A00C10709 /* Debug */,
				9329330220589B6A00C10709 /* Release */,
			);
			defaultConfigurationIsVisible = 0;
			defaultConfigurationName = Release;
		};
		9329330320589B6A00C10709 /* Build configuration list for PBXNativeTarget "Design-Automation-Place-Route" */ = {
			isa = XCConfigurationList;
			buildConfigurations = (
				9329330420589B6A00C10709 /* Debug */,
				9329330520589B6A00C10709 /* Release */,
			);
			defaultConfigurationIsVisible = 0;
			defaultConfigurationName = Release;
		};
/* End XCConfigurationList section */
	};
	rootObject = 932932F420589B6A00C10709 /* Project object */;
}
